// !$*UTF8*$!
{
	archiveVersion = 1;
	classes = {
	};
	objectVersion = 48;
	objects = {

/* Begin PBXBuildFile section */
		196150471EFA61C600330553 /* AppDelegate.swift in Sources */ = {isa = PBXBuildFile; fileRef = 196150461EFA61C600330553 /* AppDelegate.swift */; };
		196150491EFA61C600330553 /* ViewController.swift in Sources */ = {isa = PBXBuildFile; fileRef = 196150481EFA61C600330553 /* ViewController.swift */; };
		1961504C1EFA61C600330553 /* Main.storyboard in Resources */ = {isa = PBXBuildFile; fileRef = 1961504A1EFA61C600330553 /* Main.storyboard */; };
		1961504E1EFA61C600330553 /* Assets.xcassets in Resources */ = {isa = PBXBuildFile; fileRef = 1961504D1EFA61C600330553 /* Assets.xcassets */; };
		196150511EFA61C600330553 /* LaunchScreen.storyboard in Resources */ = {isa = PBXBuildFile; fileRef = 1961504F1EFA61C600330553 /* LaunchScreen.storyboard */; };
		196150591EFA65F100330553 /* GoogLeNetPlaces.mlmodel in Sources */ = {isa = PBXBuildFile; fileRef = 196150581EFA65F100330553 /* GoogLeNetPlaces.mlmodel */; };
/* End PBXBuildFile section */

/* Begin PBXFileReference section */
		196150431EFA61C600330553 /* CoreMLAppDemo.app */ = {isa = PBXFileReference; explicitFileType = wrapper.application; includeInIndex = 0; path = CoreMLAppDemo.app; sourceTree = BUILT_PRODUCTS_DIR; };
		196150461EFA61C600330553 /* AppDelegate.swift */ = {isa = PBXFileReference; lastKnownFileType = sourcecode.swift; path = AppDelegate.swift; sourceTree = "<group>"; };
		196150481EFA61C600330553 /* ViewController.swift */ = {isa = PBXFileReference; lastKnownFileType = sourcecode.swift; path = ViewController.swift; sourceTree = "<group>"; };
		1961504B1EFA61C600330553 /* Base */ = {isa = PBXFileReference; lastKnownFileType = file.storyboard; name = Base; path = Base.lproj/Main.storyboard; sourceTree = "<group>"; };
		1961504D1EFA61C600330553 /* Assets.xcassets */ = {isa = PBXFileReference; lastKnownFileType = folder.assetcatalog; path = Assets.xcassets; sourceTree = "<group>"; };
		196150501EFA61C600330553 /* Base */ = {isa = PBXFileReference; lastKnownFileType = file.storyboard; name = Base; path = Base.lproj/LaunchScreen.storyboard; sourceTree = "<group>"; };
		196150521EFA61C600330553 /* Info.plist */ = {isa = PBXFileReference; lastKnownFileType = text.plist.xml; path = Info.plist; sourceTree = "<group>"; };
		196150581EFA65F100330553 /* GoogLeNetPlaces.mlmodel */ = {isa = PBXFileReference; lastKnownFileType = file.mlmodel; name = GoogLeNetPlaces.mlmodel; path = ../../../../Downloads/GoogLeNetPlaces.mlmodel; sourceTree = "<group>"; };
/* End PBXFileReference section */

/* Begin PBXFrameworksBuildPhase section */
		196150401EFA61C600330553 /* Frameworks */ = {
			isa = PBXFrameworksBuildPhase;
			buildActionMask = 2147483647;
			files = (
			);
			runOnlyForDeploymentPostprocessing = 0;
		};
/* End PBXFrameworksBuildPhase section */

/* Begin PBXGroup section */
		1961503A1EFA61C600330553 = {
			isa = PBXGroup;
			children = (
				196150451EFA61C600330553 /* CoreMLAppDemo */,
				196150441EFA61C600330553 /* Products */,
			);
			sourceTree = "<group>";
		};
		196150441EFA61C600330553 /* Products */ = {
			isa = PBXGroup;
			children = (
				196150431EFA61C600330553 /* CoreMLAppDemo.app */,
			);
			name = Products;
			sourceTree = "<group>";
		};
		196150451EFA61C600330553 /* CoreMLAppDemo */ = {
			isa = PBXGroup;
			children = (
				196150581EFA65F100330553 /* GoogLeNetPlaces.mlmodel */,
				196150461EFA61C600330553 /* AppDelegate.swift */,
				196150481EFA61C600330553 /* ViewController.swift */,
				1961504A1EFA61C600330553 /* Main.storyboard */,
				1961504D1EFA61C600330553 /* Assets.xcassets */,
				1961504F1EFA61C600330553 /* LaunchScreen.storyboard */,
				196150521EFA61C600330553 /* Info.plist */,
			);
			path = CoreMLAppDemo;
			sourceTree = "<group>";
		};
/* End PBXGroup section */

/* Begin PBXNativeTarget section */
		196150421EFA61C600330553 /* CoreMLAppDemo */ = {
			isa = PBXNativeTarget;
			buildConfigurationList = 196150551EFA61C600330553 /* Build configuration list for PBXNativeTarget "CoreMLAppDemo" */;
			buildPhases = (
				1961503F1EFA61C600330553 /* Sources */,
				196150401EFA61C600330553 /* Frameworks */,
				196150411EFA61C600330553 /* Resources */,
			);
			buildRules = (
			);
			dependencies = (
			);
			name = CoreMLAppDemo;
			productName = CoreMLAppDemo;
			productReference = 196150431EFA61C600330553 /* CoreMLAppDemo.app */;
			productType = "com.apple.product-type.application";
		};
/* End PBXNativeTarget section */

/* Begin PBXProject section */
		1961503B1EFA61C600330553 /* Project object */ = {
			isa = PBXProject;
			attributes = {
				LastSwiftUpdateCheck = 0900;
				LastUpgradeCheck = 0900;
				ORGANIZATIONNAME = "vijay vikram singh";
				TargetAttributes = {
					196150421EFA61C600330553 = {
						CreatedOnToolsVersion = 9.0;
						ProvisioningStyle = Manual;
					};
				};
			};
			buildConfigurationList = 1961503E1EFA61C600330553 /* Build configuration list for PBXProject "CoreMLAppDemo" */;
			compatibilityVersion = "Xcode 8.0";
			developmentRegion = en;
			hasScannedForEncodings = 0;
			knownRegions = (
				en,
				Base,
			);
			mainGroup = 1961503A1EFA61C600330553;
			productRefGroup = 196150441EFA61C600330553 /* Products */;
			projectDirPath = "";
			projectRoot = "";
			targets = (
				196150421EFA61C600330553 /* CoreMLAppDemo */,
			);
		};
/* End PBXProject section */

/* Begin PBXResourcesBuildPhase section */
		196150411EFA61C600330553 /* Resources */ = {
			isa = PBXResourcesBuildPhase;
			buildActionMask = 2147483647;
			files = (
				196150511EFA61C600330553 /* LaunchScreen.storyboard in Resources */,
				1961504E1EFA61C600330553 /* Assets.xcassets in Resources */,
				1961504C1EFA61C600330553 /* Main.storyboard in Resources */,
			);
			runOnlyForDeploymentPostprocessing = 0;
		};
/* End PBXResourcesBuildPhase section */

/* Begin PBXSourcesBuildPhase section */
		1961503F1EFA61C600330553 /* Sources */ = {
			isa = PBXSourcesBuildPhase;
			buildActionMask = 2147483647;
			files = (
				196150491EFA61C600330553 /* ViewController.swift in Sources */,
				196150471EFA61C600330553 /* AppDelegate.swift in Sources */,
				196150591EFA65F100330553 /* GoogLeNetPlaces.mlmodel in Sources */,
			);
			runOnlyForDeploymentPostprocessing = 0;
		};
/* End PBXSourcesBuildPhase section */

/* Begin PBXVariantGroup section */
		1961504A1EFA61C600330553 /* Main.storyboard */ = {
			isa = PBXVariantGroup;
			children = (
				1961504B1EFA61C600330553 /* Base */,
			);
			name = Main.storyboard;
			sourceTree = "<group>";
		};
		1961504F1EFA61C600330553 /* LaunchScreen.storyboard */ = {
			isa = PBXVariantGroup;
			children = (
				196150501EFA61C600330553 /* Base */,
			);
			name = LaunchScreen.storyboard;
			sourceTree = "<group>";
		};
/* End PBXVariantGroup section */

/* Begin XCBuildConfiguration section */
		196150531EFA61C600330553 /* Debug */ = {
			isa = XCBuildConfiguration;
			buildSettings = {
				ALWAYS_SEARCH_USER_PATHS = NO;
				CLANG_ANALYZER_NONNULL = YES;
				CLANG_ANALYZER_NUMBER_OBJECT_CONVERSION = YES_AGGRESSIVE;
				CLANG_CXX_LANGUAGE_STANDARD = "gnu++14";
				CLANG_CXX_LIBRARY = "libc++";
				CLANG_ENABLE_MODULES = YES;
				CLANG_ENABLE_OBJC_ARC = YES;
				CLANG_WARN_BLOCK_CAPTURE_AUTORELEASING = YES;
				CLANG_WARN_BOOL_CONVERSION = YES;
				CLANG_WARN_COMMA = YES;
				CLANG_WARN_CONSTANT_CONVERSION = YES;
				CLANG_WARN_DIRECT_OBJC_ISA_USAGE = YES_ERROR;
				CLANG_WARN_DOCUMENTATION_COMMENTS = YES;
				CLANG_WARN_EMPTY_BODY = YES;
				CLANG_WARN_ENUM_CONVERSION = YES;
				CLANG_WARN_INFINITE_RECURSION = YES;
				CLANG_WARN_INT_CONVERSION = YES;
				CLANG_WARN_OBJC_ROOT_CLASS = YES_ERROR;
				CLANG_WARN_RANGE_LOOP_ANALYSIS = YES;
				CLANG_WARN_STRICT_PROTOTYPES = YES;
				CLANG_WARN_SUSPICIOUS_MOVE = YES;
				CLANG_WARN_UNGUARDED_AVAILABILITY = YES_AGGRESSIVE;
				CLANG_WARN_UNREACHABLE_CODE = YES;
				CLANG_WARN__DUPLICATE_METHOD_MATCH = YES;
				CODE_SIGN_IDENTITY = "iPhone Developer";
				COPY_PHASE_STRIP = NO;
				DEBUG_INFORMATION_FORMAT = dwarf;
				ENABLE_STRICT_OBJC_MSGSEND = YES;
				ENABLE_TESTABILITY = YES;
				GCC_C_LANGUAGE_STANDARD = gnu11;
				GCC_DYNAMIC_NO_PIC = NO;
				GCC_NO_COMMON_BLOCKS = YES;
				GCC_OPTIMIZATION_LEVEL = 0;
				GCC_PREPROCESSOR_DEFINITIONS = (
					"DEBUG=1",
					"$(inherited)",
				);
				GCC_WARN_64_TO_32_BIT_CONVERSION = YES;
				GCC_WARN_ABOUT_RETURN_TYPE = YES_ERROR;
				GCC_WARN_UNDECLARED_SELECTOR = YES;
				GCC_WARN_UNINITIALIZED_AUTOS = YES_AGGRESSIVE;
				GCC_WARN_UNUSED_FUNCTION = YES;
				GCC_WARN_UNUSED_VARIABLE = YES;
				IPHONEOS_DEPLOYMENT_TARGET = 11.0;
				MTL_ENABLE_DEBUG_INFO = YES;
				ONLY_ACTIVE_ARCH = YES;
				SDKROOT = iphoneos;
				SWIFT_ACTIVE_COMPILATION_CONDITIONS = DEBUG;
				SWIFT_OPTIMIZATION_LEVEL = "-Onone";
			};
			name = Debug;
		};
		196150541EFA61C600330553 /* Release */ = {
			isa = XCBuildConfiguration;
			buildSettings = {
				ALWAYS_SEARCH_USER_PATHS = NO;
				CLANG_ANALYZER_NONNULL = YES;
				CLANG_ANALYZER_NUMBER_OBJECT_CONVERSION = YES_AGGRESSIVE;
				CLANG_CXX_LANGUAGE_STANDARD = "gnu++14";
				CLANG_CXX_LIBRARY = "libc++";
				CLANG_ENABLE_MODULES = YES;
				CLANG_ENABLE_OBJC_ARC = YES;
				CLANG_WARN_BLOCK_CAPTURE_AUTORELEASING = YES;
				CLANG_WARN_BOOL_CONVERSION = YES;
				CLANG_WARN_COMMA = YES;
				CLANG_WARN_CONSTANT_CONVERSION = YES;
				CLANG_WARN_DIRECT_OBJC_ISA_USAGE = YES_ERROR;
				CLANG_WARN_DOCUMENTATION_COMMENTS = YES;
				CLANG_WARN_EMPTY_BODY = YES;
				CLANG_WARN_ENUM_CONVERSION = YES;
				CLANG_WARN_INFINITE_RECURSION = YES;
				CLANG_WARN_INT_CONVERSION = YES;
				CLANG_WARN_OBJC_ROOT_CLASS = YES_ERROR;
				CLANG_WARN_RANGE_LOOP_ANALYSIS = YES;
				CLANG_WARN_STRICT_PROTOTYPES = YES;
				CLANG_WARN_SUSPICIOUS_MOVE = YES;
				CLANG_WARN_UNGUARDED_AVAILABILITY = YES_AGGRESSIVE;
				CLANG_WARN_UNREACHABLE_CODE = YES;
				CLANG_WARN__DUPLICATE_METHOD_MATCH = YES;
				CODE_SIGN_IDENTITY = "iPhone Developer";
				COPY_PHASE_STRIP = NO;
				DEBUG_INFORMATION_FORMAT = "dwarf-with-dsym";
				ENABLE_NS_ASSERTIONS = NO;
				ENABLE_STRICT_OBJC_MSGSEND = YES;
				GCC_C_LANGUAGE_STANDARD = gnu11;
				GCC_NO_COMMON_BLOCKS = YES;
				GCC_WARN_64_TO_32_BIT_CONVERSION = YES;
				GCC_WARN_ABOUT_RETURN_TYPE = YES_ERROR;
				GCC_WARN_UNDECLARED_SELECTOR = YES;
				GCC_WARN_UNINITIALIZED_AUTOS = YES_AGGRESSIVE;
				GCC_WARN_UNUSED_FUNCTION = YES;
				GCC_WARN_UNUSED_VARIABLE = YES;
				IPHONEOS_DEPLOYMENT_TARGET = 11.0;
				MTL_ENABLE_DEBUG_INFO = NO;
				SDKROOT = iphoneos;
				SWIFT_OPTIMIZATION_LEVEL = "-Owholemodule";
				VALIDATE_PRODUCT = YES;
			};
			name = Release;
		};
		196150561EFA61C600330553 /* Debug */ = {
			isa = XCBuildConfiguration;
			buildSettings = {
				ASSETCATALOG_COMPILER_APPICON_NAME = AppIcon;
				CODE_SIGN_STYLE = Manual;
				DEVELOPMENT_TEAM = WP4952RUHJ;
				INFOPLIST_FILE = CoreMLAppDemo/Info.plist;
				LD_RUNPATH_SEARCH_PATHS = "$(inherited) @executable_path/Frameworks";
				PRODUCT_BUNDLE_IDENTIFIER = com.appcelerator.vvs;
				PRODUCT_NAME = "$(TARGET_NAME)";
				PROVISIONING_PROFILE = "0612aed1-09fb-4f7b-95a8-1d97a2261bec";
				PROVISIONING_PROFILE_SPECIFIER = "vvs dev provisioning";
				SWIFT_VERSION = 4.0;
				TARGETED_DEVICE_FAMILY = "1,2";
			};
			name = Debug;
		};
		196150571EFA61C600330553 /* Release */ = {
			isa = XCBuildConfiguration;
			buildSettings = {
				ASSETCATALOG_COMPILER_APPICON_NAME = AppIcon;
				CODE_SIGN_STYLE = Manual;
				DEVELOPMENT_TEAM = WP4952RUHJ;
				INFOPLIST_FILE = CoreMLAppDemo/Info.plist;
				LD_RUNPATH_SEARCH_PATHS = "$(inherited) @executable_path/Frameworks";
				PRODUCT_BUNDLE_IDENTIFIER = com.appcelerator.vvs;
				PRODUCT_NAME = "$(TARGET_NAME)";
				PROVISIONING_PROFILE = "0612aed1-09fb-4f7b-95a8-1d97a2261bec";
				PROVISIONING_PROFILE_SPECIFIER = "vvs dev provisioning";
				SWIFT_VERSION = 4.0;
				TARGETED_DEVICE_FAMILY = "1,2";
			};
			name = Release;
		};
/* End XCBuildConfiguration section */

/* Begin XCConfigurationList section */
		1961503E1EFA61C600330553 /* Build configuration list for PBXProject "CoreMLAppDemo" */ = {
			isa = XCConfigurationList;
			buildConfigurations = (
				196150531EFA61C600330553 /* Debug */,
				196150541EFA61C600330553 /* Release */,
			);
			defaultConfigurationIsVisible = 0;
			defaultConfigurationName = Release;
		};
		196150551EFA61C600330553 /* Build configuration list for PBXNativeTarget "CoreMLAppDemo" */ = {
			isa = XCConfigurationList;
			buildConfigurations = (
				196150561EFA61C600330553 /* Debug */,
				196150571EFA61C600330553 /* Release */,
			);
			defaultConfigurationIsVisible = 0;
		};
/* End XCConfigurationList section */
	};
	rootObject = 1961503B1EFA61C600330553 /* Project object */;
}
